
Microsoft Visual Studio Solution File, Format Version 12.00
# Visual Studio Version 16
VisualStudioVersion = 16.0.29311.281
MinimumVisualStudioVersion = 10.0.40219.1
Project("{FAE04EC0-301F-11D3-BF4B-00C04F79EFBC}") = "CourseLibrary.API", "CourseLibrary.API\CourseLibrary.API.csproj", "{A2F67AFD-CA05-46B7-B0EB-4F5E76E84512}"
EndProject
Global
	GlobalSection(SolutionConfigurationPlatforms) = preSolution
		Debug|Any CPU = Debug|Any CPU
		Release|Any CPU = Release|Any CPU
	EndGlobalSection
	GlobalSection(ProjectConfigurationPlatforms) = postSolution
		{A2F67AFD-CA05-46B7-B0EB-4F5E76E84512}.Debug|Any CPU.ActiveCfg = Debug|Any CPU
		{A2F67AFD-CA05-46B7-B0EB-4F5E76E84512}.Debug|Any CPU.Build.0 = Debug|Any CPU
		{A2F67AFD-CA05-46B7-B0EB-4F5E76E84512}.Release|Any CPU.ActiveCfg = Release|Any CPU
		{A2F67AFD-CA05-46B7-B0EB-4F5E76E84512}.Release|Any CPU.Build.0 = Release|Any CPU
	EndGlobalSection
	GlobalSection(SolutionProperties) = preSolution
		HideSolutionNode = FALSE
	EndGlobalSection
	GlobalSection(ExtensibilityGlobals) = postSolution
		SolutionGuid = {ED17E45E-1481-46B0-9227-811CBED0A67C}
	EndGlobalSection
EndGlobal
